{
  "requires": true,
  "lockfileVersion": 1,
  "dependencies": {
    "minimist": {
      "version": "1.2.0",
      "resolved": "https://registry.npmjs.org/minimist/-/minimist-1.2.0.tgz",
      "integrity": "sha1-o1AIsg9BOD7sH7kU9M1d95omQoQ="
    },
    "mkdirp": {
      "version": "0.5.1",
      "resolved": "https://registry.npmjs.org/mkdirp/-/mkdirp-0.5.1.tgz",
      "integrity": "sha1-MAV0OOrGz3+MR2fzhkjWaX11yQM=",
      "requires": {
        "minimist": "0.0.8"
      },
      "dependencies": {
        "minimist": {
          "version": "0.0.8",
          "resolved": "https://registry.npmjs.org/minimist/-/minimist-0.0.8.tgz",
          "integrity": "sha1-hX/Kv8M5fSYluCKCYuhqp6ARsF0="
        }
      }
    },
    "mkdirp-promise": {
      "version": "5.0.1",
      "resolved": "https://registry.npmjs.org/mkdirp-promise/-/mkdirp-promise-5.0.1.tgz",
      "integrity": "sha1-6bj2jlUsaKnBcTuEiD96HdA5uKE=",
      "requires": {
        "mkdirp": "0.5.1"
      }
    },
    "my-themes": {
      "version": "file:themer",
      "requires": {
        "themer": "2.2.4",
        "themer-colors-default": "1.0.6",
        "themer-gnome-terminal": "1.0.1",
        "themer-vim": "2.2.9"
      }
    },
    "pn": {
      "version": "1.1.0",
      "resolved": "https://registry.npmjs.org/pn/-/pn-1.1.0.tgz",
      "integrity": "sha512-2qHaIQr2VLRFoxe2nASzsV6ef4yOOH+Fi9FBOVH6cqeSgUnoyySPZkxzLuzd+RYOQTRpROA0ztTMqxROKSb/nA=="
    },
    "rxjs": {
      "version": "5.5.10",
      "resolved": "https://registry.npmjs.org/rxjs/-/rxjs-5.5.10.tgz",
      "integrity": "sha512-SRjimIDUHJkon+2hFo7xnvNC4ZEHGzCRwh9P7nzX3zPkCGFEg/tuElrNR7L/rZMagnK2JeH2jQwPRpmyXyLB6A==",
      "requires": {
        "symbol-observable": "1.0.1"
      }
    },
    "symbol-observable": {
      "version": "1.0.1",
      "resolved": "https://registry.npmjs.org/symbol-observable/-/symbol-observable-1.0.1.tgz",
      "integrity": "sha1-g0D8RwLDEi310iKI+IKD9RPT/dQ="
    },
    "themer": {
      "version": "2.2.4",
      "resolved": "https://registry.npmjs.org/themer/-/themer-2.2.4.tgz",
      "integrity": "sha512-rDYiWfbWLouTh+aFfNq6Xv8xMcWDWxtUAbZH+ueXtHCsRxfV0DTxJJBy8HECSgXSlOUeNYfTzcjgwzOONp47aQ==",
      "requires": {
        "minimist": "1.2.0",
        "mkdirp-promise": "5.0.1",
        "pn": "1.1.0",
        "rxjs": "5.5.10"
      }
    },
    "themer-colors-default": {
      "version": "1.0.6",
      "resolved": "https://registry.npmjs.org/themer-colors-default/-/themer-colors-default-1.0.6.tgz",
      "integrity": "sha512-D3wifVsO3pUvkmhItOL7vFaeELzMbU2VS75xCKl+FlQooJIE8XrJv5yeARqTvttqVe7Ighs2m2za9iSq7tTDzw=="
    },
    "themer-gnome-terminal": {
      "version": "1.0.1",
      "resolved": "https://registry.npmjs.org/themer-gnome-terminal/-/themer-gnome-terminal-1.0.1.tgz",
      "integrity": "sha512-Dq4IkwGIXDG0vxCZPIVYWzFOHj4dGcZR+bOzPt2KxhilcEPZJjr9OeCqXti6FIFKRB1wtQYISvrT+cGY4e7mbw=="
    },
    "themer-vim": {
      "version": "2.2.9",
      "resolved": "https://registry.npmjs.org/themer-vim/-/themer-vim-2.2.9.tgz",
      "integrity": "sha512-MPibJBsRbvnwajzL7M1KEzTOBkRmttMkMBIF9KRdm3Ro9Wz0eUmSwsSwMviVLJliVR4U3IejUM6IXYheLisptw=="
    }
  }
}
